
Microsoft Visual Studio Solution File, Format Version 12.00
# Visual Studio Version 17
VisualStudioVersion = 17.11.35312.102
MinimumVisualStudioVersion = 10.0.40219.1
Project("{FAE04EC0-301F-11D3-BF4B-00C04F79EFBC}") = "DangKyTinChi", "DangKyTinChi\DangKyTinChi.csproj", "{333D55F2-83A7-43D4-8B1F-CA6F78EF64DC}"
EndProject
Project("{2150E333-8FDC-42A3-9474-1A3956D46DE8}") = "Solution Items", "Solution Items", "{E84C800E-8657-4567-A71D-AF93A821D3B1}"
	ProjectSection(SolutionItems) = preProject
		..\gitThao3\gitThao1\DangKyTinChi\rptKQDK.rdlc = ..\gitThao3\gitThao1\DangKyTinChi\rptKQDK.rdlc
		..\gitThao3\gitThao1\DangKyTinChi\rptLHPHuy.rdlc = ..\gitThao3\gitThao1\DangKyTinChi\rptLHPHuy.rdlc
		..\gitThao3\gitThao1\DangKyTinChi\rptQLLHP.rdlc = ..\gitThao3\gitThao1\DangKyTinChi\rptQLLHP.rdlc
		..\gitThao3\gitThao1\DangKyTinChi\rptSVLHP.rdlc = ..\gitThao3\gitThao1\DangKyTinChi\rptSVLHP.rdlc
		..\gitThao3\gitThao1\DangKyTinChi\rptTKB.rdlc = ..\gitThao3\gitThao1\DangKyTinChi\rptTKB.rdlc
	EndProjectSection
EndProject
Global
	GlobalSection(SolutionConfigurationPlatforms) = preSolution
		Debug|Any CPU = Debug|Any CPU
		Release|Any CPU = Release|Any CPU
	EndGlobalSection
	GlobalSection(ProjectConfigurationPlatforms) = postSolution
		{333D55F2-83A7-43D4-8B1F-CA6F78EF64DC}.Debug|Any CPU.ActiveCfg = Debug|Any CPU
		{333D55F2-83A7-43D4-8B1F-CA6F78EF64DC}.Debug|Any CPU.Build.0 = Debug|Any CPU
		{333D55F2-83A7-43D4-8B1F-CA6F78EF64DC}.Release|Any CPU.ActiveCfg = Release|Any CPU
		{333D55F2-83A7-43D4-8B1F-CA6F78EF64DC}.Release|Any CPU.Build.0 = Release|Any CPU
	EndGlobalSection
	GlobalSection(SolutionProperties) = preSolution
		HideSolutionNode = FALSE
	EndGlobalSection
	GlobalSection(ExtensibilityGlobals) = postSolution
		SolutionGuid = {EEFC75A6-658F-47A3-B16B-8D74C1E4B479}
	EndGlobalSection
EndGlobal
